// !$*UTF8*$!
{
	archiveVersion = 1;
	classes = {
	};
	objectVersion = 50;
	objects = {

/* Begin PBXBuildFile section */
		8951DA2F245434820042A7CC /* AppDelegate.swift in Sources */ = {isa = PBXBuildFile; fileRef = 8951DA2E245434820042A7CC /* AppDelegate.swift */; };
		8951DA31245434820042A7CC /* SceneDelegate.swift in Sources */ = {isa = PBXBuildFile; fileRef = 8951DA30245434820042A7CC /* SceneDelegate.swift */; };
		8951DA33245434820042A7CC /* ContentView.swift in Sources */ = {isa = PBXBuildFile; fileRef = 8951DA32245434820042A7CC /* ContentView.swift */; };
		8951DA35245434830042A7CC /* Assets.xcassets in Resources */ = {isa = PBXBuildFile; fileRef = 8951DA34245434830042A7CC /* Assets.xcassets */; };
		8951DA38245434830042A7CC /* Preview Assets.xcassets in Resources */ = {isa = PBXBuildFile; fileRef = 8951DA37245434830042A7CC /* Preview Assets.xcassets */; };
		8951DA3B245434830042A7CC /* LaunchScreen.storyboard in Resources */ = {isa = PBXBuildFile; fileRef = 8951DA39245434830042A7CC /* LaunchScreen.storyboard */; };
		8951DA44245520AE0042A7CC /* DetailView.swift in Sources */ = {isa = PBXBuildFile; fileRef = 8951DA43245520AD0042A7CC /* DetailView.swift */; };
		8951DA462455226E0042A7CC /* WebView.swift in Sources */ = {isa = PBXBuildFile; fileRef = 8951DA452455226E0042A7CC /* WebView.swift */; };
		8951DA49245523820042A7CC /* NetworkManager.swift in Sources */ = {isa = PBXBuildFile; fileRef = 8951DA48245523820042A7CC /* NetworkManager.swift */; };
		8951DA4B245523B60042A7CC /* PostData.swift in Sources */ = {isa = PBXBuildFile; fileRef = 8951DA4A245523B60042A7CC /* PostData.swift */; };
		8951DA4E245529BA0042A7CC /* InfoView.swift in Sources */ = {isa = PBXBuildFile; fileRef = 8951DA4D245529BA0042A7CC /* InfoView.swift */; };
		8951DA502455320D0042A7CC /* Pacifico in Resources */ = {isa = PBXBuildFile; fileRef = 8951DA4F2455320D0042A7CC /* Pacifico */; };
		8951DA52245547D00042A7CC /* AppManager.swift in Sources */ = {isa = PBXBuildFile; fileRef = 8951DA51245547D00042A7CC /* AppManager.swift */; };
/* End PBXBuildFile section */

/* Begin PBXFileReference section */
		8951DA2B245434820042A7CC /* MobileOrders.app */ = {isa = PBXFileReference; explicitFileType = wrapper.application; includeInIndex = 0; path = MobileOrders.app; sourceTree = BUILT_PRODUCTS_DIR; };
		8951DA2E245434820042A7CC /* AppDelegate.swift */ = {isa = PBXFileReference; lastKnownFileType = sourcecode.swift; path = AppDelegate.swift; sourceTree = "<group>"; };
		8951DA30245434820042A7CC /* SceneDelegate.swift */ = {isa = PBXFileReference; lastKnownFileType = sourcecode.swift; path = SceneDelegate.swift; sourceTree = "<group>"; };
		8951DA32245434820042A7CC /* ContentView.swift */ = {isa = PBXFileReference; lastKnownFileType = sourcecode.swift; path = ContentView.swift; sourceTree = "<group>"; };
		8951DA34245434830042A7CC /* Assets.xcassets */ = {isa = PBXFileReference; lastKnownFileType = folder.assetcatalog; path = Assets.xcassets; sourceTree = "<group>"; };
		8951DA37245434830042A7CC /* Preview Assets.xcassets */ = {isa = PBXFileReference; lastKnownFileType = folder.assetcatalog; path = "Preview Assets.xcassets"; sourceTree = "<group>"; };
		8951DA3A245434830042A7CC /* Base */ = {isa = PBXFileReference; lastKnownFileType = file.storyboard; name = Base; path = Base.lproj/LaunchScreen.storyboard; sourceTree = "<group>"; };
		8951DA3C245434830042A7CC /* Info.plist */ = {isa = PBXFileReference; lastKnownFileType = text.plist.xml; path = Info.plist; sourceTree = "<group>"; };
		8951DA43245520AD0042A7CC /* DetailView.swift */ = {isa = PBXFileReference; lastKnownFileType = sourcecode.swift; path = DetailView.swift; sourceTree = "<group>"; };
		8951DA452455226E0042A7CC /* WebView.swift */ = {isa = PBXFileReference; lastKnownFileType = sourcecode.swift; path = WebView.swift; sourceTree = "<group>"; };
		8951DA48245523820042A7CC /* NetworkManager.swift */ = {isa = PBXFileReference; lastKnownFileType = sourcecode.swift; path = NetworkManager.swift; sourceTree = "<group>"; };
		8951DA4A245523B60042A7CC /* PostData.swift */ = {isa = PBXFileReference; lastKnownFileType = sourcecode.swift; path = PostData.swift; sourceTree = "<group>"; };
		8951DA4D245529BA0042A7CC /* InfoView.swift */ = {isa = PBXFileReference; lastKnownFileType = sourcecode.swift; path = InfoView.swift; sourceTree = "<group>"; };
		8951DA4F2455320D0042A7CC /* Pacifico */ = {isa = PBXFileReference; lastKnownFileType = folder; path = Pacifico; sourceTree = "<group>"; };
		8951DA51245547D00042A7CC /* AppManager.swift */ = {isa = PBXFileReference; lastKnownFileType = sourcecode.swift; path = AppManager.swift; sourceTree = "<group>"; };
/* End PBXFileReference section */

/* Begin PBXFrameworksBuildPhase section */
		8951DA28245434820042A7CC /* Frameworks */ = {
			isa = PBXFrameworksBuildPhase;
			buildActionMask = 2147483647;
			files = (
			);
			runOnlyForDeploymentPostprocessing = 0;
		};
/* End PBXFrameworksBuildPhase section */

/* Begin PBXGroup section */
		8951DA22245434820042A7CC = {
			isa = PBXGroup;
			children = (
				8951DA2D245434820042A7CC /* MobileOrders */,
				8951DA2C245434820042A7CC /* Products */,
			);
			sourceTree = "<group>";
		};
		8951DA2C245434820042A7CC /* Products */ = {
			isa = PBXGroup;
			children = (
				8951DA2B245434820042A7CC /* MobileOrders.app */,
			);
			name = Products;
			sourceTree = "<group>";
		};
		8951DA2D245434820042A7CC /* MobileOrders */ = {
			isa = PBXGroup;
			children = (
				8951DA4C245524020042A7CC /* fonts */,
				8951DA47245523410042A7CC /* Models */,
				8951DA42245520830042A7CC /* Views */,
				8951DA2E245434820042A7CC /* AppDelegate.swift */,
				8951DA30245434820042A7CC /* SceneDelegate.swift */,
				8951DA34245434830042A7CC /* Assets.xcassets */,
				8951DA39245434830042A7CC /* LaunchScreen.storyboard */,
				8951DA3C245434830042A7CC /* Info.plist */,
				8951DA36245434830042A7CC /* Preview Content */,
			);
			path = MobileOrders;
			sourceTree = "<group>";
		};
		8951DA36245434830042A7CC /* Preview Content */ = {
			isa = PBXGroup;
			children = (
				8951DA37245434830042A7CC /* Preview Assets.xcassets */,
			);
			path = "Preview Content";
			sourceTree = "<group>";
		};
		8951DA42245520830042A7CC /* Views */ = {
			isa = PBXGroup;
			children = (
				8951DA32245434820042A7CC /* ContentView.swift */,
				8951DA43245520AD0042A7CC /* DetailView.swift */,
				8951DA452455226E0042A7CC /* WebView.swift */,
				8951DA4D245529BA0042A7CC /* InfoView.swift */,
			);
			path = Views;
			sourceTree = "<group>";
		};
		8951DA47245523410042A7CC /* Models */ = {
			isa = PBXGroup;
			children = (
				8951DA48245523820042A7CC /* NetworkManager.swift */,
				8951DA4A245523B60042A7CC /* PostData.swift */,
				8951DA51245547D00042A7CC /* AppManager.swift */,
			);
			path = Models;
			sourceTree = "<group>";
		};
		8951DA4C245524020042A7CC /* fonts */ = {
			isa = PBXGroup;
			children = (
				8951DA4F2455320D0042A7CC /* Pacifico */,
			);
			path = fonts;
			sourceTree = "<group>";
		};
/* End PBXGroup section */

/* Begin PBXNativeTarget section */
		8951DA2A245434820042A7CC /* MobileOrders */ = {
			isa = PBXNativeTarget;
			buildConfigurationList = 8951DA3F245434830042A7CC /* Build configuration list for PBXNativeTarget "MobileOrders" */;
			buildPhases = (
				8951DA27245434820042A7CC /* Sources */,
				8951DA28245434820042A7CC /* Frameworks */,
				8951DA29245434820042A7CC /* Resources */,
			);
			buildRules = (
			);
			dependencies = (
			);
			name = MobileOrders;
			productName = MobileOrders;
			productReference = 8951DA2B245434820042A7CC /* MobileOrders.app */;
			productType = "com.apple.product-type.application";
		};
/* End PBXNativeTarget section */

/* Begin PBXProject section */
		8951DA23245434820042A7CC /* Project object */ = {
			isa = PBXProject;
			attributes = {
				LastSwiftUpdateCheck = 1110;
				LastUpgradeCheck = 1110;
				ORGANIZATIONNAME = Glowbom;
				TargetAttributes = {
					8951DA2A245434820042A7CC = {
						CreatedOnToolsVersion = 11.1;
					};
				};
			};
			buildConfigurationList = 8951DA26245434820042A7CC /* Build configuration list for PBXProject "MobileOrders" */;
			compatibilityVersion = "Xcode 9.3";
			developmentRegion = en;
			hasScannedForEncodings = 0;
			knownRegions = (
				en,
				Base,
			);
			mainGroup = 8951DA22245434820042A7CC;
			productRefGroup = 8951DA2C245434820042A7CC /* Products */;
			projectDirPath = "";
			projectRoot = "";
			targets = (
				8951DA2A245434820042A7CC /* MobileOrders */,
			);
		};
/* End PBXProject section */

/* Begin PBXResourcesBuildPhase section */
		8951DA29245434820042A7CC /* Resources */ = {
			isa = PBXResourcesBuildPhase;
			buildActionMask = 2147483647;
			files = (
				8951DA3B245434830042A7CC /* LaunchScreen.storyboard in Resources */,
				8951DA38245434830042A7CC /* Preview Assets.xcassets in Resources */,
				8951DA502455320D0042A7CC /* Pacifico in Resources */,
				8951DA35245434830042A7CC /* Assets.xcassets in Resources */,
			);
			runOnlyForDeploymentPostprocessing = 0;
		};
/* End PBXResourcesBuildPhase section */

/* Begin PBXSourcesBuildPhase section */
		8951DA27245434820042A7CC /* Sources */ = {
			isa = PBXSourcesBuildPhase;
			buildActionMask = 2147483647;
			files = (
				8951DA4E245529BA0042A7CC /* InfoView.swift in Sources */,
				8951DA49245523820042A7CC /* NetworkManager.swift in Sources */,
				8951DA2F245434820042A7CC /* AppDelegate.swift in Sources */,
				8951DA462455226E0042A7CC /* WebView.swift in Sources */,
				8951DA44245520AE0042A7CC /* DetailView.swift in Sources */,
				8951DA31245434820042A7CC /* SceneDelegate.swift in Sources */,
				8951DA52245547D00042A7CC /* AppManager.swift in Sources */,
				8951DA4B245523B60042A7CC /* PostData.swift in Sources */,
				8951DA33245434820042A7CC /* ContentView.swift in Sources */,
			);
			runOnlyForDeploymentPostprocessing = 0;
		};
/* End PBXSourcesBuildPhase section */

/* Begin PBXVariantGroup section */
		8951DA39245434830042A7CC /* LaunchScreen.storyboard */ = {
			isa = PBXVariantGroup;
			children = (
				8951DA3A245434830042A7CC /* Base */,
			);
			name = LaunchScreen.storyboard;
			sourceTree = "<group>";
		};
/* End PBXVariantGroup section */

/* Begin XCBuildConfiguration section */
		8951DA3D245434830042A7CC /* Debug */ = {
			isa = XCBuildConfiguration;
			buildSettings = {
				ALWAYS_SEARCH_USER_PATHS = NO;
				CLANG_ANALYZER_NONNULL = YES;
				CLANG_ANALYZER_NUMBER_OBJECT_CONVERSION = YES_AGGRESSIVE;
				CLANG_CXX_LANGUAGE_STANDARD = "gnu++14";
				CLANG_CXX_LIBRARY = "libc++";
				CLANG_ENABLE_MODULES = YES;
				CLANG_ENABLE_OBJC_ARC = YES;
				CLANG_ENABLE_OBJC_WEAK = YES;
				CLANG_WARN_BLOCK_CAPTURE_AUTORELEASING = YES;
				CLANG_WARN_BOOL_CONVERSION = YES;
				CLANG_WARN_COMMA = YES;
				CLANG_WARN_CONSTANT_CONVERSION = YES;
				CLANG_WARN_DEPRECATED_OBJC_IMPLEMENTATIONS = YES;
				CLANG_WARN_DIRECT_OBJC_ISA_USAGE = YES_ERROR;
				CLANG_WARN_DOCUMENTATION_COMMENTS = YES;
				CLANG_WARN_EMPTY_BODY = YES;
				CLANG_WARN_ENUM_CONVERSION = YES;
				CLANG_WARN_INFINITE_RECURSION = YES;
				CLANG_WARN_INT_CONVERSION = YES;
				CLANG_WARN_NON_LITERAL_NULL_CONVERSION = YES;
				CLANG_WARN_OBJC_IMPLICIT_RETAIN_SELF = YES;
				CLANG_WARN_OBJC_LITERAL_CONVERSION = YES;
				CLANG_WARN_OBJC_ROOT_CLASS = YES_ERROR;
				CLANG_WARN_RANGE_LOOP_ANALYSIS = YES;
				CLANG_WARN_STRICT_PROTOTYPES = YES;
				CLANG_WARN_SUSPICIOUS_MOVE = YES;
				CLANG_WARN_UNGUARDED_AVAILABILITY = YES_AGGRESSIVE;
				CLANG_WARN_UNREACHABLE_CODE = YES;
				CLANG_WARN__DUPLICATE_METHOD_MATCH = YES;
				COPY_PHASE_STRIP = NO;
				DEBUG_INFORMATION_FORMAT = dwarf;
				ENABLE_STRICT_OBJC_MSGSEND = YES;
				ENABLE_TESTABILITY = YES;
				GCC_C_LANGUAGE_STANDARD = gnu11;
				GCC_DYNAMIC_NO_PIC = NO;
				GCC_NO_COMMON_BLOCKS = YES;
				GCC_OPTIMIZATION_LEVEL = 0;
				GCC_PREPROCESSOR_DEFINITIONS = (
					"DEBUG=1",
					"$(inherited)",
				);
				GCC_WARN_64_TO_32_BIT_CONVERSION = YES;
				GCC_WARN_ABOUT_RETURN_TYPE = YES_ERROR;
				GCC_WARN_UNDECLARED_SELECTOR = YES;
				GCC_WARN_UNINITIALIZED_AUTOS = YES_AGGRESSIVE;
				GCC_WARN_UNUSED_FUNCTION = YES;
				GCC_WARN_UNUSED_VARIABLE = YES;
				IPHONEOS_DEPLOYMENT_TARGET = 13.1;
				MTL_ENABLE_DEBUG_INFO = INCLUDE_SOURCE;
				MTL_FAST_MATH = YES;
				ONLY_ACTIVE_ARCH = YES;
				SDKROOT = iphoneos;
				SWIFT_ACTIVE_COMPILATION_CONDITIONS = DEBUG;
				SWIFT_OPTIMIZATION_LEVEL = "-Onone";
			};
			name = Debug;
		};
		8951DA3E245434830042A7CC /* Release */ = {
			isa = XCBuildConfiguration;
			buildSettings = {
				ALWAYS_SEARCH_USER_PATHS = NO;
				CLANG_ANALYZER_NONNULL = YES;
				CLANG_ANALYZER_NUMBER_OBJECT_CONVERSION = YES_AGGRESSIVE;
				CLANG_CXX_LANGUAGE_STANDARD = "gnu++14";
				CLANG_CXX_LIBRARY = "libc++";
				CLANG_ENABLE_MODULES = YES;
				CLANG_ENABLE_OBJC_ARC = YES;
				CLANG_ENABLE_OBJC_WEAK = YES;
				CLANG_WARN_BLOCK_CAPTURE_AUTORELEASING = YES;
				CLANG_WARN_BOOL_CONVERSION = YES;
				CLANG_WARN_COMMA = YES;
				CLANG_WARN_CONSTANT_CONVERSION = YES;
				CLANG_WARN_DEPRECATED_OBJC_IMPLEMENTATIONS = YES;
				CLANG_WARN_DIRECT_OBJC_ISA_USAGE = YES_ERROR;
				CLANG_WARN_DOCUMENTATION_COMMENTS = YES;
				CLANG_WARN_EMPTY_BODY = YES;
				CLANG_WARN_ENUM_CONVERSION = YES;
				CLANG_WARN_INFINITE_RECURSION = YES;
				CLANG_WARN_INT_CONVERSION = YES;
				CLANG_WARN_NON_LITERAL_NULL_CONVERSION = YES;
				CLANG_WARN_OBJC_IMPLICIT_RETAIN_SELF = YES;
				CLANG_WARN_OBJC_LITERAL_CONVERSION = YES;
				CLANG_WARN_OBJC_ROOT_CLASS = YES_ERROR;
				CLANG_WARN_RANGE_LOOP_ANALYSIS = YES;
				CLANG_WARN_STRICT_PROTOTYPES = YES;
				CLANG_WARN_SUSPICIOUS_MOVE = YES;
				CLANG_WARN_UNGUARDED_AVAILABILITY = YES_AGGRESSIVE;
				CLANG_WARN_UNREACHABLE_CODE = YES;
				CLANG_WARN__DUPLICATE_METHOD_MATCH = YES;
				COPY_PHASE_STRIP = NO;
				DEBUG_INFORMATION_FORMAT = "dwarf-with-dsym";
				ENABLE_NS_ASSERTIONS = NO;
				ENABLE_STRICT_OBJC_MSGSEND = YES;
				GCC_C_LANGUAGE_STANDARD = gnu11;
				GCC_NO_COMMON_BLOCKS = YES;
				GCC_WARN_64_TO_32_BIT_CONVERSION = YES;
				GCC_WARN_ABOUT_RETURN_TYPE = YES_ERROR;
				GCC_WARN_UNDECLARED_SELECTOR = YES;
				GCC_WARN_UNINITIALIZED_AUTOS = YES_AGGRESSIVE;
				GCC_WARN_UNUSED_FUNCTION = YES;
				GCC_WARN_UNUSED_VARIABLE = YES;
				IPHONEOS_DEPLOYMENT_TARGET = 13.1;
				MTL_ENABLE_DEBUG_INFO = NO;
				MTL_FAST_MATH = YES;
				SDKROOT = iphoneos;
				SWIFT_COMPILATION_MODE = wholemodule;
				SWIFT_OPTIMIZATION_LEVEL = "-O";
				VALIDATE_PRODUCT = YES;
			};
			name = Release;
		};
		8951DA40245434830042A7CC /* Debug */ = {
			isa = XCBuildConfiguration;
			buildSettings = {
				ASSETCATALOG_COMPILER_APPICON_NAME = AppIcon;
				CODE_SIGN_STYLE = Automatic;
				DEVELOPMENT_ASSET_PATHS = "\"MobileOrders/Preview Content\"";
				DEVELOPMENT_TEAM = KVU9TGATPK;
				ENABLE_PREVIEWS = YES;
				INFOPLIST_FILE = MobileOrders/Info.plist;
				LD_RUNPATH_SEARCH_PATHS = (
					"$(inherited)",
					"@executable_path/Frameworks",
				);
				PRODUCT_BUNDLE_IDENTIFIER = com.glowbom.MobileOrders;
				PRODUCT_NAME = "$(TARGET_NAME)";
				SWIFT_VERSION = 5.0;
				TARGETED_DEVICE_FAMILY = "1,2";
			};
			name = Debug;
		};
		8951DA41245434830042A7CC /* Release */ = {
			isa = XCBuildConfiguration;
			buildSettings = {
				ASSETCATALOG_COMPILER_APPICON_NAME = AppIcon;
				CODE_SIGN_STYLE = Automatic;
				DEVELOPMENT_ASSET_PATHS = "\"MobileOrders/Preview Content\"";
				DEVELOPMENT_TEAM = KVU9TGATPK;
				ENABLE_PREVIEWS = YES;
				INFOPLIST_FILE = MobileOrders/Info.plist;
				LD_RUNPATH_SEARCH_PATHS = (
					"$(inherited)",
					"@executable_path/Frameworks",
				);
				PRODUCT_BUNDLE_IDENTIFIER = com.glowbom.MobileOrders;
				PRODUCT_NAME = "$(TARGET_NAME)";
				SWIFT_VERSION = 5.0;
				TARGETED_DEVICE_FAMILY = "1,2";
			};
			name = Release;
		};
/* End XCBuildConfiguration section */

/* Begin XCConfigurationList section */
		8951DA26245434820042A7CC /* Build configuration list for PBXProject "MobileOrders" */ = {
			isa = XCConfigurationList;
			buildConfigurations = (
				8951DA3D245434830042A7CC /* Debug */,
				8951DA3E245434830042A7CC /* Release */,
			);
			defaultConfigurationIsVisible = 0;
			defaultConfigurationName = Release;
		};
		8951DA3F245434830042A7CC /* Build configuration list for PBXNativeTarget "MobileOrders" */ = {
			isa = XCConfigurationList;
			buildConfigurations = (
				8951DA40245434830042A7CC /* Debug */,
				8951DA41245434830042A7CC /* Release */,
			);
			defaultConfigurationIsVisible = 0;
			defaultConfigurationName = Release;
		};
/* End XCConfigurationList section */
	};
	rootObject = 8951DA23245434820042A7CC /* Project object */;
}
